// !$*UTF8*$!
{
	archiveVersion = 1;
	classes = {
	};
	objectVersion = 46;
	objects = {

/* Begin PBXBuildFile section */
		E905892919BAFF87000866FD /* CustomCell.m in Sources */ = {isa = PBXBuildFile; fileRef = E905892819BAFF87000866FD /* CustomCell.m */; };
		E905892E19BB0A5A000866FD /* AsyncImageView.m in Sources */ = {isa = PBXBuildFile; fileRef = E905892D19BB0A5A000866FD /* AsyncImageView.m */; };
		E905893319BB0AB8000866FD /* FeedTableCell.m in Sources */ = {isa = PBXBuildFile; fileRef = E905893119BB0AB8000866FD /* FeedTableCell.m */; };
		E905893419BB0AB8000866FD /* FeedTableCell.xib in Resources */ = {isa = PBXBuildFile; fileRef = E905893219BB0AB8000866FD /* FeedTableCell.xib */; };
		E949DF4319B74AF40092734A /* Foundation.framework in Frameworks */ = {isa = PBXBuildFile; fileRef = E949DF4219B74AF40092734A /* Foundation.framework */; };
		E949DF4519B74AF40092734A /* CoreGraphics.framework in Frameworks */ = {isa = PBXBuildFile; fileRef = E949DF4419B74AF40092734A /* CoreGraphics.framework */; };
		E949DF4719B74AF40092734A /* UIKit.framework in Frameworks */ = {isa = PBXBuildFile; fileRef = E949DF4619B74AF40092734A /* UIKit.framework */; };
		E949DF4D19B74AF40092734A /* InfoPlist.strings in Resources */ = {isa = PBXBuildFile; fileRef = E949DF4B19B74AF40092734A /* InfoPlist.strings */; };
		E949DF4F19B74AF40092734A /* main.m in Sources */ = {isa = PBXBuildFile; fileRef = E949DF4E19B74AF40092734A /* main.m */; };
		E949DF5319B74AF40092734A /* AppDelegate.m in Sources */ = {isa = PBXBuildFile; fileRef = E949DF5219B74AF40092734A /* AppDelegate.m */; };
		E949DF5619B74AF40092734A /* Main.storyboard in Resources */ = {isa = PBXBuildFile; fileRef = E949DF5419B74AF40092734A /* Main.storyboard */; };
		E949DF5919B74AF40092734A /* ViewController.m in Sources */ = {isa = PBXBuildFile; fileRef = E949DF5819B74AF40092734A /* ViewController.m */; };
		E949DF5B19B74AF40092734A /* Images.xcassets in Resources */ = {isa = PBXBuildFile; fileRef = E949DF5A19B74AF40092734A /* Images.xcassets */; };
		E949DF6219B74AF50092734A /* XCTest.framework in Frameworks */ = {isa = PBXBuildFile; fileRef = E949DF6119B74AF50092734A /* XCTest.framework */; };
		E949DF6319B74AF50092734A /* Foundation.framework in Frameworks */ = {isa = PBXBuildFile; fileRef = E949DF4219B74AF40092734A /* Foundation.framework */; };
		E949DF6419B74AF50092734A /* UIKit.framework in Frameworks */ = {isa = PBXBuildFile; fileRef = E949DF4619B74AF40092734A /* UIKit.framework */; };
		E949DF6C19B74AF50092734A /* InfoPlist.strings in Resources */ = {isa = PBXBuildFile; fileRef = E949DF6A19B74AF50092734A /* InfoPlist.strings */; };
		E949DF6E19B74AF50092734A /* RSS_ReaderTests.m in Sources */ = {isa = PBXBuildFile; fileRef = E949DF6D19B74AF50092734A /* RSS_ReaderTests.m */; };
		E949DF7B19B751330092734A /* BaseService.m in Sources */ = {isa = PBXBuildFile; fileRef = E949DF7A19B751330092734A /* BaseService.m */; };
		E9678AF819BA0A570026A5E4 /* yosemite.png in Resources */ = {isa = PBXBuildFile; fileRef = E9678AF719BA0A570026A5E4 /* yosemite.png */; };
		E99F077F19B75AAE00D14C1B /* LoginService.m in Sources */ = {isa = PBXBuildFile; fileRef = E99F077E19B75AAE00D14C1B /* LoginService.m */; };
		E99F078319B75B2A00D14C1B /* UserService.m in Sources */ = {isa = PBXBuildFile; fileRef = E99F078219B75B2A00D14C1B /* UserService.m */; };
		E99F078719B75BFA00D14C1B /* User.m in Sources */ = {isa = PBXBuildFile; fileRef = E99F078619B75BFA00D14C1B /* User.m */; };
		E9CFE9BB19B8B81A000AA51F /* RSSListContollerViewController.m in Sources */ = {isa = PBXBuildFile; fileRef = E9CFE9BA19B8B81A000AA51F /* RSSListContollerViewController.m */; };
		E9CFE9C119B8BB97000AA51F /* Feed.m in Sources */ = {isa = PBXBuildFile; fileRef = E9CFE9C019B8BB97000AA51F /* Feed.m */; };
		E9CFE9C519B8BC18000AA51F /* FeedService.m in Sources */ = {isa = PBXBuildFile; fileRef = E9CFE9C419B8BC18000AA51F /* FeedService.m */; };
		E9D9AAE519BDEC4400F39DEE /* FeedDetailsController.m in Sources */ = {isa = PBXBuildFile; fileRef = E9D9AAE419BDEC4400F39DEE /* FeedDetailsController.m */; };
/* End PBXBuildFile section */

/* Begin PBXContainerItemProxy section */
		E949DF6519B74AF50092734A /* PBXContainerItemProxy */ = {
			isa = PBXContainerItemProxy;
			containerPortal = E949DF3719B74AF40092734A /* Project object */;
			proxyType = 1;
			remoteGlobalIDString = E949DF3E19B74AF40092734A;
			remoteInfo = "RSS Reader";
		};
/* End PBXContainerItemProxy section */

/* Begin PBXFileReference section */
		E905892719BAFF87000866FD /* CustomCell.h */ = {isa = PBXFileReference; fileEncoding = 4; lastKnownFileType = sourcecode.c.h; path = CustomCell.h; sourceTree = "<group>"; };
		E905892819BAFF87000866FD /* CustomCell.m */ = {isa = PBXFileReference; fileEncoding = 4; lastKnownFileType = sourcecode.c.objc; path = CustomCell.m; sourceTree = "<group>"; };
		E905892C19BB0A5A000866FD /* AsyncImageView.h */ = {isa = PBXFileReference; fileEncoding = 4; lastKnownFileType = sourcecode.c.h; name = AsyncImageView.h; path = ../../../Downloads/Yay/Yay/AsyncImageView.h; sourceTree = "<group>"; };
		E905892D19BB0A5A000866FD /* AsyncImageView.m */ = {isa = PBXFileReference; fileEncoding = 4; lastKnownFileType = sourcecode.c.objc; name = AsyncImageView.m; path = ../../../Downloads/Yay/Yay/AsyncImageView.m; sourceTree = "<group>"; };
		E905893019BB0AB8000866FD /* FeedTableCell.h */ = {isa = PBXFileReference; fileEncoding = 4; lastKnownFileType = sourcecode.c.h; path = FeedTableCell.h; sourceTree = "<group>"; };
		E905893119BB0AB8000866FD /* FeedTableCell.m */ = {isa = PBXFileReference; fileEncoding = 4; lastKnownFileType = sourcecode.c.objc; path = FeedTableCell.m; sourceTree = "<group>"; };
		E905893219BB0AB8000866FD /* FeedTableCell.xib */ = {isa = PBXFileReference; fileEncoding = 4; lastKnownFileType = file.xib; path = FeedTableCell.xib; sourceTree = "<group>"; };
		E949DF3F19B74AF40092734A /* RSS Reader.app */ = {isa = PBXFileReference; explicitFileType = wrapper.application; includeInIndex = 0; path = "RSS Reader.app"; sourceTree = BUILT_PRODUCTS_DIR; };
		E949DF4219B74AF40092734A /* Foundation.framework */ = {isa = PBXFileReference; lastKnownFileType = wrapper.framework; name = Foundation.framework; path = System/Library/Frameworks/Foundation.framework; sourceTree = SDKROOT; };
		E949DF4419B74AF40092734A /* CoreGraphics.framework */ = {isa = PBXFileReference; lastKnownFileType = wrapper.framework; name = CoreGraphics.framework; path = System/Library/Frameworks/CoreGraphics.framework; sourceTree = SDKROOT; };
		E949DF4619B74AF40092734A /* UIKit.framework */ = {isa = PBXFileReference; lastKnownFileType = wrapper.framework; name = UIKit.framework; path = System/Library/Frameworks/UIKit.framework; sourceTree = SDKROOT; };
		E949DF4A19B74AF40092734A /* RSS Reader-Info.plist */ = {isa = PBXFileReference; lastKnownFileType = text.plist.xml; path = "RSS Reader-Info.plist"; sourceTree = "<group>"; };
		E949DF4C19B74AF40092734A /* en */ = {isa = PBXFileReference; lastKnownFileType = text.plist.strings; name = en; path = en.lproj/InfoPlist.strings; sourceTree = "<group>"; };
		E949DF4E19B74AF40092734A /* main.m */ = {isa = PBXFileReference; lastKnownFileType = sourcecode.c.objc; path = main.m; sourceTree = "<group>"; };
		E949DF5019B74AF40092734A /* RSS Reader-Prefix.pch */ = {isa = PBXFileReference; lastKnownFileType = sourcecode.c.h; path = "RSS Reader-Prefix.pch"; sourceTree = "<group>"; };
		E949DF5119B74AF40092734A /* AppDelegate.h */ = {isa = PBXFileReference; lastKnownFileType = sourcecode.c.h; path = AppDelegate.h; sourceTree = "<group>"; };
		E949DF5219B74AF40092734A /* AppDelegate.m */ = {isa = PBXFileReference; lastKnownFileType = sourcecode.c.objc; path = AppDelegate.m; sourceTree = "<group>"; };
		E949DF5519B74AF40092734A /* Base */ = {isa = PBXFileReference; lastKnownFileType = file.storyboard; name = Base; path = Base.lproj/Main.storyboard; sourceTree = "<group>"; };
		E949DF5719B74AF40092734A /* ViewController.h */ = {isa = PBXFileReference; lastKnownFileType = sourcecode.c.h; path = ViewController.h; sourceTree = "<group>"; };
		E949DF5819B74AF40092734A /* ViewController.m */ = {isa = PBXFileReference; lastKnownFileType = sourcecode.c.objc; path = ViewController.m; sourceTree = "<group>"; };
		E949DF5A19B74AF40092734A /* Images.xcassets */ = {isa = PBXFileReference; lastKnownFileType = folder.assetcatalog; path = Images.xcassets; sourceTree = "<group>"; };
		E949DF6019B74AF50092734A /* RSS ReaderTests.xctest */ = {isa = PBXFileReference; explicitFileType = wrapper.cfbundle; includeInIndex = 0; path = "RSS ReaderTests.xctest"; sourceTree = BUILT_PRODUCTS_DIR; };
		E949DF6119B74AF50092734A /* XCTest.framework */ = {isa = PBXFileReference; lastKnownFileType = wrapper.framework; name = XCTest.framework; path = Library/Frameworks/XCTest.framework; sourceTree = DEVELOPER_DIR; };
		E949DF6919B74AF50092734A /* RSS ReaderTests-Info.plist */ = {isa = PBXFileReference; lastKnownFileType = text.plist.xml; path = "RSS ReaderTests-Info.plist"; sourceTree = "<group>"; };
		E949DF6B19B74AF50092734A /* en */ = {isa = PBXFileReference; lastKnownFileType = text.plist.strings; name = en; path = en.lproj/InfoPlist.strings; sourceTree = "<group>"; };
		E949DF6D19B74AF50092734A /* RSS_ReaderTests.m */ = {isa = PBXFileReference; lastKnownFileType = sourcecode.c.objc; path = RSS_ReaderTests.m; sourceTree = "<group>"; };
		E949DF7919B751330092734A /* BaseService.h */ = {isa = PBXFileReference; fileEncoding = 4; lastKnownFileType = sourcecode.c.h; path = BaseService.h; sourceTree = "<group>"; };
		E949DF7A19B751330092734A /* BaseService.m */ = {isa = PBXFileReference; fileEncoding = 4; lastKnownFileType = sourcecode.c.objc; path = BaseService.m; sourceTree = "<group>"; };
		E9678AF719BA0A570026A5E4 /* yosemite.png */ = {isa = PBXFileReference; lastKnownFileType = image.png; name = yosemite.png; path = ../../../Desktop/yosemite.png; sourceTree = "<group>"; };
		E99F077D19B75AAE00D14C1B /* LoginService.h */ = {isa = PBXFileReference; fileEncoding = 4; lastKnownFileType = sourcecode.c.h; path = LoginService.h; sourceTree = "<group>"; };
		E99F077E19B75AAE00D14C1B /* LoginService.m */ = {isa = PBXFileReference; fileEncoding = 4; lastKnownFileType = sourcecode.c.objc; path = LoginService.m; sourceTree = "<group>"; };
		E99F078119B75B2A00D14C1B /* UserService.h */ = {isa = PBXFileReference; fileEncoding = 4; lastKnownFileType = sourcecode.c.h; path = UserService.h; sourceTree = "<group>"; };
		E99F078219B75B2A00D14C1B /* UserService.m */ = {isa = PBXFileReference; fileEncoding = 4; lastKnownFileType = sourcecode.c.objc; path = UserService.m; sourceTree = "<group>"; };
		E99F078519B75BFA00D14C1B /* User.h */ = {isa = PBXFileReference; fileEncoding = 4; lastKnownFileType = sourcecode.c.h; path = User.h; sourceTree = "<group>"; };
		E99F078619B75BFA00D14C1B /* User.m */ = {isa = PBXFileReference; fileEncoding = 4; lastKnownFileType = sourcecode.c.objc; path = User.m; sourceTree = "<group>"; };
		E9CFE9B919B8B81A000AA51F /* RSSListContollerViewController.h */ = {isa = PBXFileReference; fileEncoding = 4; lastKnownFileType = sourcecode.c.h; path = RSSListContollerViewController.h; sourceTree = "<group>"; };
		E9CFE9BA19B8B81A000AA51F /* RSSListContollerViewController.m */ = {isa = PBXFileReference; fileEncoding = 4; lastKnownFileType = sourcecode.c.objc; path = RSSListContollerViewController.m; sourceTree = "<group>"; };
		E9CFE9BF19B8BB97000AA51F /* Feed.h */ = {isa = PBXFileReference; fileEncoding = 4; lastKnownFileType = sourcecode.c.h; path = Feed.h; sourceTree = "<group>"; };
		E9CFE9C019B8BB97000AA51F /* Feed.m */ = {isa = PBXFileReference; fileEncoding = 4; lastKnownFileType = sourcecode.c.objc; path = Feed.m; sourceTree = "<group>"; };
		E9CFE9C319B8BC18000AA51F /* FeedService.h */ = {isa = PBXFileReference; fileEncoding = 4; lastKnownFileType = sourcecode.c.h; path = FeedService.h; sourceTree = "<group>"; };
		E9CFE9C419B8BC18000AA51F /* FeedService.m */ = {isa = PBXFileReference; fileEncoding = 4; lastKnownFileType = sourcecode.c.objc; path = FeedService.m; sourceTree = "<group>"; };
		E9D9AAE319BDEC4400F39DEE /* FeedDetailsController.h */ = {isa = PBXFileReference; fileEncoding = 4; lastKnownFileType = sourcecode.c.h; path = FeedDetailsController.h; sourceTree = "<group>"; };
		E9D9AAE419BDEC4400F39DEE /* FeedDetailsController.m */ = {isa = PBXFileReference; fileEncoding = 4; lastKnownFileType = sourcecode.c.objc; path = FeedDetailsController.m; sourceTree = "<group>"; };
/* End PBXFileReference section */

/* Begin PBXFrameworksBuildPhase section */
		E949DF3C19B74AF40092734A /* Frameworks */ = {
			isa = PBXFrameworksBuildPhase;
			buildActionMask = 2147483647;
			files = (
				E949DF4519B74AF40092734A /* CoreGraphics.framework in Frameworks */,
				E949DF4719B74AF40092734A /* UIKit.framework in Frameworks */,
				E949DF4319B74AF40092734A /* Foundation.framework in Frameworks */,
			);
			runOnlyForDeploymentPostprocessing = 0;
		};
		E949DF5D19B74AF50092734A /* Frameworks */ = {
			isa = PBXFrameworksBuildPhase;
			buildActionMask = 2147483647;
			files = (
				E949DF6219B74AF50092734A /* XCTest.framework in Frameworks */,
				E949DF6419B74AF50092734A /* UIKit.framework in Frameworks */,
				E949DF6319B74AF50092734A /* Foundation.framework in Frameworks */,
			);
			runOnlyForDeploymentPostprocessing = 0;
		};
/* End PBXFrameworksBuildPhase section */

/* Begin PBXGroup section */
		E905892319BAFF37000866FD /* UI */ = {
			isa = PBXGroup;
			children = (
				E905892F19BB0A9D000866FD /* FeedTableCell */,
				E905892719BAFF87000866FD /* CustomCell.h */,
				E905892819BAFF87000866FD /* CustomCell.m */,
			);
			name = UI;
			sourceTree = "<group>";
		};
		E905892A19BB0A2C000866FD /* Libraries */ = {
			isa = PBXGroup;
			children = (
				E905892B19BB0A39000866FD /* AsyncImageView */,
			);
			name = Libraries;
			sourceTree = "<group>";
		};
		E905892B19BB0A39000866FD /* AsyncImageView */ = {
			isa = PBXGroup;
			children = (
				E905892C19BB0A5A000866FD /* AsyncImageView.h */,
				E905892D19BB0A5A000866FD /* AsyncImageView.m */,
			);
			name = AsyncImageView;
			sourceTree = "<group>";
		};
		E905892F19BB0A9D000866FD /* FeedTableCell */ = {
			isa = PBXGroup;
			children = (
				E905893019BB0AB8000866FD /* FeedTableCell.h */,
				E905893119BB0AB8000866FD /* FeedTableCell.m */,
				E905893219BB0AB8000866FD /* FeedTableCell.xib */,
			);
			name = FeedTableCell;
			sourceTree = "<group>";
		};
		E949DF3619B74AF40092734A = {
			isa = PBXGroup;
			children = (
				E949DF4819B74AF40092734A /* RSS Reader */,
				E949DF6719B74AF50092734A /* RSS ReaderTests */,
				E949DF4119B74AF40092734A /* Frameworks */,
				E949DF4019B74AF40092734A /* Products */,
			);
			sourceTree = "<group>";
		};
		E949DF4019B74AF40092734A /* Products */ = {
			isa = PBXGroup;
			children = (
				E949DF3F19B74AF40092734A /* RSS Reader.app */,
				E949DF6019B74AF50092734A /* RSS ReaderTests.xctest */,
			);
			name = Products;
			sourceTree = "<group>";
		};
		E949DF4119B74AF40092734A /* Frameworks */ = {
			isa = PBXGroup;
			children = (
				E949DF4219B74AF40092734A /* Foundation.framework */,
				E949DF4419B74AF40092734A /* CoreGraphics.framework */,
				E949DF4619B74AF40092734A /* UIKit.framework */,
				E949DF6119B74AF50092734A /* XCTest.framework */,
			);
			name = Frameworks;
			sourceTree = "<group>";
		};
		E949DF4819B74AF40092734A /* RSS Reader */ = {
			isa = PBXGroup;
			children = (
				E9D9AAE619BDEC8A00F39DEE /* AppDelagete */,
				E9CFE9B319B8B531000AA51F /* Controllers */,
				E905892A19BB0A2C000866FD /* Libraries */,
				E99F078419B75BD900D14C1B /* Models */,
				E9678AF619BA0A370026A5E4 /* Resources */,
				E949DF7719B750B70092734A /* Services */,
				E905892319BAFF37000866FD /* UI */,
				E949DF5419B74AF40092734A /* Main.storyboard */,
				E949DF5A19B74AF40092734A /* Images.xcassets */,
				E949DF4919B74AF40092734A /* Supporting Files */,
			);
			path = "RSS Reader";
			sourceTree = "<group>";
		};
		E949DF4919B74AF40092734A /* Supporting Files */ = {
			isa = PBXGroup;
			children = (
				E949DF4A19B74AF40092734A /* RSS Reader-Info.plist */,
				E949DF4B19B74AF40092734A /* InfoPlist.strings */,
				E949DF4E19B74AF40092734A /* main.m */,
				E949DF5019B74AF40092734A /* RSS Reader-Prefix.pch */,
			);
			name = "Supporting Files";
			sourceTree = "<group>";
		};
		E949DF6719B74AF50092734A /* RSS ReaderTests */ = {
			isa = PBXGroup;
			children = (
				E949DF6D19B74AF50092734A /* RSS_ReaderTests.m */,
				E949DF6819B74AF50092734A /* Supporting Files */,
			);
			path = "RSS ReaderTests";
			sourceTree = "<group>";
		};
		E949DF6819B74AF50092734A /* Supporting Files */ = {
			isa = PBXGroup;
			children = (
				E949DF6919B74AF50092734A /* RSS ReaderTests-Info.plist */,
				E949DF6A19B74AF50092734A /* InfoPlist.strings */,
			);
			name = "Supporting Files";
			sourceTree = "<group>";
		};
		E949DF7719B750B70092734A /* Services */ = {
			isa = PBXGroup;
			children = (
				E9CFE9C219B8BC05000AA51F /* FeedService */,
				E99F078019B75B1200D14C1B /* UserService */,
				E99F077C19B75A9600D14C1B /* LoginService */,
				E949DF7819B750F80092734A /* BaseService */,
			);
			name = Services;
			sourceTree = "<group>";
		};
		E949DF7819B750F80092734A /* BaseService */ = {
			isa = PBXGroup;
			children = (
				E949DF7919B751330092734A /* BaseService.h */,
				E949DF7A19B751330092734A /* BaseService.m */,
			);
			name = BaseService;
			sourceTree = "<group>";
		};
		E9678AF619BA0A370026A5E4 /* Resources */ = {
			isa = PBXGroup;
			children = (
				E9678AF719BA0A570026A5E4 /* yosemite.png */,
			);
			name = Resources;
			sourceTree = "<group>";
		};
		E99F077C19B75A9600D14C1B /* LoginService */ = {
			isa = PBXGroup;
			children = (
				E99F077D19B75AAE00D14C1B /* LoginService.h */,
				E99F077E19B75AAE00D14C1B /* LoginService.m */,
			);
			name = LoginService;
			sourceTree = "<group>";
		};
		E99F078019B75B1200D14C1B /* UserService */ = {
			isa = PBXGroup;
			children = (
				E99F078119B75B2A00D14C1B /* UserService.h */,
				E99F078219B75B2A00D14C1B /* UserService.m */,
			);
			name = UserService;
			sourceTree = "<group>";
		};
		E99F078419B75BD900D14C1B /* Models */ = {
			isa = PBXGroup;
			children = (
				E9CFE9BE19B8BB81000AA51F /* Feed */,
				E9CFE9BD19B8BB5C000AA51F /* User */,
			);
			name = Models;
			sourceTree = "<group>";
		};
		E9CFE9B319B8B531000AA51F /* Controllers */ = {
			isa = PBXGroup;
			children = (
				E9D9AAE219BDEC1100F39DEE /* FeedDetailsController */,
				E9CFE9BC19B8B9AC000AA51F /* ViewContoller */,
				E9CFE9B819B8B7EB000AA51F /* RSSListController */,
			);
			name = Controllers;
			sourceTree = "<group>";
		};
		E9CFE9B819B8B7EB000AA51F /* RSSListController */ = {
			isa = PBXGroup;
			children = (
				E9CFE9B919B8B81A000AA51F /* RSSListContollerViewController.h */,
				E9CFE9BA19B8B81A000AA51F /* RSSListContollerViewController.m */,
			);
			name = RSSListController;
			sourceTree = "<group>";
		};
		E9CFE9BC19B8B9AC000AA51F /* ViewContoller */ = {
			isa = PBXGroup;
			children = (
				E949DF5719B74AF40092734A /* ViewController.h */,
				E949DF5819B74AF40092734A /* ViewController.m */,
			);
			name = ViewContoller;
			sourceTree = "<group>";
		};
		E9CFE9BD19B8BB5C000AA51F /* User */ = {
			isa = PBXGroup;
			children = (
				E99F078619B75BFA00D14C1B /* User.m */,
				E99F078519B75BFA00D14C1B /* User.h */,
			);
			name = User;
			sourceTree = "<group>";
		};
		E9CFE9BE19B8BB81000AA51F /* Feed */ = {
			isa = PBXGroup;
			children = (
				E9CFE9BF19B8BB97000AA51F /* Feed.h */,
				E9CFE9C019B8BB97000AA51F /* Feed.m */,
			);
			name = Feed;
			sourceTree = "<group>";
		};
		E9CFE9C219B8BC05000AA51F /* FeedService */ = {
			isa = PBXGroup;
			children = (
				E9CFE9C319B8BC18000AA51F /* FeedService.h */,
				E9CFE9C419B8BC18000AA51F /* FeedService.m */,
			);
			name = FeedService;
			sourceTree = "<group>";
		};
		E9D9AAE219BDEC1100F39DEE /* FeedDetailsController */ = {
			isa = PBXGroup;
			children = (
				E9D9AAE319BDEC4400F39DEE /* FeedDetailsController.h */,
				E9D9AAE419BDEC4400F39DEE /* FeedDetailsController.m */,
			);
			name = FeedDetailsController;
			sourceTree = "<group>";
		};
		E9D9AAE619BDEC8A00F39DEE /* AppDelagete */ = {
			isa = PBXGroup;
			children = (
				E949DF5119B74AF40092734A /* AppDelegate.h */,
				E949DF5219B74AF40092734A /* AppDelegate.m */,
			);
			name = AppDelagete;
			sourceTree = "<group>";
		};
/* End PBXGroup section */

/* Begin PBXNativeTarget section */
		E949DF3E19B74AF40092734A /* RSS Reader */ = {
			isa = PBXNativeTarget;
			buildConfigurationList = E949DF7119B74AF50092734A /* Build configuration list for PBXNativeTarget "RSS Reader" */;
			buildPhases = (
				E949DF3B19B74AF40092734A /* Sources */,
				E949DF3C19B74AF40092734A /* Frameworks */,
				E949DF3D19B74AF40092734A /* Resources */,
			);
			buildRules = (
			);
			dependencies = (
			);
			name = "RSS Reader";
			productName = "RSS Reader";
			productReference = E949DF3F19B74AF40092734A /* RSS Reader.app */;
			productType = "com.apple.product-type.application";
		};
		E949DF5F19B74AF50092734A /* RSS ReaderTests */ = {
			isa = PBXNativeTarget;
			buildConfigurationList = E949DF7419B74AF50092734A /* Build configuration list for PBXNativeTarget "RSS ReaderTests" */;
			buildPhases = (
				E949DF5C19B74AF50092734A /* Sources */,
				E949DF5D19B74AF50092734A /* Frameworks */,
				E949DF5E19B74AF50092734A /* Resources */,
			);
			buildRules = (
			);
			dependencies = (
				E949DF6619B74AF50092734A /* PBXTargetDependency */,
			);
			name = "RSS ReaderTests";
			productName = "RSS ReaderTests";
			productReference = E949DF6019B74AF50092734A /* RSS ReaderTests.xctest */;
			productType = "com.apple.product-type.bundle.unit-test";
		};
/* End PBXNativeTarget section */

/* Begin PBXProject section */
		E949DF3719B74AF40092734A /* Project object */ = {
			isa = PBXProject;
			attributes = {
				LastUpgradeCheck = 0510;
				ORGANIZATIONNAME = "Kadir Anil Turğut";
				TargetAttributes = {
					E949DF5F19B74AF50092734A = {
						TestTargetID = E949DF3E19B74AF40092734A;
					};
				};
			};
			buildConfigurationList = E949DF3A19B74AF40092734A /* Build configuration list for PBXProject "RSS Reader" */;
			compatibilityVersion = "Xcode 3.2";
			developmentRegion = English;
			hasScannedForEncodings = 0;
			knownRegions = (
				en,
				Base,
			);
			mainGroup = E949DF3619B74AF40092734A;
			productRefGroup = E949DF4019B74AF40092734A /* Products */;
			projectDirPath = "";
			projectRoot = "";
			targets = (
				E949DF3E19B74AF40092734A /* RSS Reader */,
				E949DF5F19B74AF50092734A /* RSS ReaderTests */,
			);
		};
/* End PBXProject section */

/* Begin PBXResourcesBuildPhase section */
		E949DF3D19B74AF40092734A /* Resources */ = {
			isa = PBXResourcesBuildPhase;
			buildActionMask = 2147483647;
			files = (
				E949DF5B19B74AF40092734A /* Images.xcassets in Resources */,
				E949DF4D19B74AF40092734A /* InfoPlist.strings in Resources */,
				E9678AF819BA0A570026A5E4 /* yosemite.png in Resources */,
				E905893419BB0AB8000866FD /* FeedTableCell.xib in Resources */,
				E949DF5619B74AF40092734A /* Main.storyboard in Resources */,
			);
			runOnlyForDeploymentPostprocessing = 0;
		};
		E949DF5E19B74AF50092734A /* Resources */ = {
			isa = PBXResourcesBuildPhase;
			buildActionMask = 2147483647;
			files = (
				E949DF6C19B74AF50092734A /* InfoPlist.strings in Resources */,
			);
			runOnlyForDeploymentPostprocessing = 0;
		};
/* End PBXResourcesBuildPhase section */

/* Begin PBXSourcesBuildPhase section */
		E949DF3B19B74AF40092734A /* Sources */ = {
			isa = PBXSourcesBuildPhase;
			buildActionMask = 2147483647;
			files = (
				E9CFE9BB19B8B81A000AA51F /* RSSListContollerViewController.m in Sources */,
				E949DF7B19B751330092734A /* BaseService.m in Sources */,
				E905892919BAFF87000866FD /* CustomCell.m in Sources */,
				E99F078719B75BFA00D14C1B /* User.m in Sources */,
				E9D9AAE519BDEC4400F39DEE /* FeedDetailsController.m in Sources */,
				E9CFE9C119B8BB97000AA51F /* Feed.m in Sources */,
				E949DF5919B74AF40092734A /* ViewController.m in Sources */,
				E99F077F19B75AAE00D14C1B /* LoginService.m in Sources */,
				E905892E19BB0A5A000866FD /* AsyncImageView.m in Sources */,
				E949DF5319B74AF40092734A /* AppDelegate.m in Sources */,
				E99F078319B75B2A00D14C1B /* UserService.m in Sources */,
				E905893319BB0AB8000866FD /* FeedTableCell.m in Sources */,
				E949DF4F19B74AF40092734A /* main.m in Sources */,
				E9CFE9C519B8BC18000AA51F /* FeedService.m in Sources */,
			);
			runOnlyForDeploymentPostprocessing = 0;
		};
		E949DF5C19B74AF50092734A /* Sources */ = {
			isa = PBXSourcesBuildPhase;
			buildActionMask = 2147483647;
			files = (
				E949DF6E19B74AF50092734A /* RSS_ReaderTests.m in Sources */,
			);
			runOnlyForDeploymentPostprocessing = 0;
		};
/* End PBXSourcesBuildPhase section */

/* Begin PBXTargetDependency section */
		E949DF6619B74AF50092734A /* PBXTargetDependency */ = {
			isa = PBXTargetDependency;
			target = E949DF3E19B74AF40092734A /* RSS Reader */;
			targetProxy = E949DF6519B74AF50092734A /* PBXContainerItemProxy */;
		};
/* End PBXTargetDependency section */

/* Begin PBXVariantGroup section */
		E949DF4B19B74AF40092734A /* InfoPlist.strings */ = {
			isa = PBXVariantGroup;
			children = (
				E949DF4C19B74AF40092734A /* en */,
			);
			name = InfoPlist.strings;
			sourceTree = "<group>";
		};
		E949DF5419B74AF40092734A /* Main.storyboard */ = {
			isa = PBXVariantGroup;
			children = (
				E949DF5519B74AF40092734A /* Base */,
			);
			name = Main.storyboard;
			sourceTree = "<group>";
		};
		E949DF6A19B74AF50092734A /* InfoPlist.strings */ = {
			isa = PBXVariantGroup;
			children = (
				E949DF6B19B74AF50092734A /* en */,
			);
			name = InfoPlist.strings;
			sourceTree = "<group>";
		};
/* End PBXVariantGroup section */

/* Begin XCBuildConfiguration section */
		E949DF6F19B74AF50092734A /* Debug */ = {
			isa = XCBuildConfiguration;
			buildSettings = {
				ALWAYS_SEARCH_USER_PATHS = NO;
				CLANG_CXX_LANGUAGE_STANDARD = "gnu++0x";
				CLANG_CXX_LIBRARY = "libc++";
				CLANG_ENABLE_MODULES = YES;
				CLANG_ENABLE_OBJC_ARC = YES;
				CLANG_WARN_BOOL_CONVERSION = YES;
				CLANG_WARN_CONSTANT_CONVERSION = YES;
				CLANG_WARN_DIRECT_OBJC_ISA_USAGE = YES_ERROR;
				CLANG_WARN_EMPTY_BODY = YES;
				CLANG_WARN_ENUM_CONVERSION = YES;
				CLANG_WARN_INT_CONVERSION = YES;
				CLANG_WARN_OBJC_ROOT_CLASS = YES_ERROR;
				CLANG_WARN__DUPLICATE_METHOD_MATCH = YES;
				"CODE_SIGN_IDENTITY[sdk=iphoneos*]" = "iPhone Developer";
				COPY_PHASE_STRIP = NO;
				GCC_C_LANGUAGE_STANDARD = gnu99;
				GCC_DYNAMIC_NO_PIC = NO;
				GCC_OPTIMIZATION_LEVEL = 0;
				GCC_PREPROCESSOR_DEFINITIONS = (
					"DEBUG=1",
					"$(inherited)",
				);
				GCC_SYMBOLS_PRIVATE_EXTERN = NO;
				GCC_WARN_64_TO_32_BIT_CONVERSION = YES;
				GCC_WARN_ABOUT_RETURN_TYPE = YES_ERROR;
				GCC_WARN_UNDECLARED_SELECTOR = YES;
				GCC_WARN_UNINITIALIZED_AUTOS = YES_AGGRESSIVE;
				GCC_WARN_UNUSED_FUNCTION = YES;
				GCC_WARN_UNUSED_VARIABLE = YES;
				IPHONEOS_DEPLOYMENT_TARGET = 7.1;
				ONLY_ACTIVE_ARCH = YES;
				SDKROOT = iphoneos;
			};
			name = Debug;
		};
		E949DF7019B74AF50092734A /* Release */ = {
			isa = XCBuildConfiguration;
			buildSettings = {
				ALWAYS_SEARCH_USER_PATHS = NO;
				CLANG_CXX_LANGUAGE_STANDARD = "gnu++0x";
				CLANG_CXX_LIBRARY = "libc++";
				CLANG_ENABLE_MODULES = YES;
				CLANG_ENABLE_OBJC_ARC = YES;
				CLANG_WARN_BOOL_CONVERSION = YES;
				CLANG_WARN_CONSTANT_CONVERSION = YES;
				CLANG_WARN_DIRECT_OBJC_ISA_USAGE = YES_ERROR;
				CLANG_WARN_EMPTY_BODY = YES;
				CLANG_WARN_ENUM_CONVERSION = YES;
				CLANG_WARN_INT_CONVERSION = YES;
				CLANG_WARN_OBJC_ROOT_CLASS = YES_ERROR;
				CLANG_WARN__DUPLICATE_METHOD_MATCH = YES;
				"CODE_SIGN_IDENTITY[sdk=iphoneos*]" = "iPhone Developer";
				COPY_PHASE_STRIP = YES;
				ENABLE_NS_ASSERTIONS = NO;
				GCC_C_LANGUAGE_STANDARD = gnu99;
				GCC_WARN_64_TO_32_BIT_CONVERSION = YES;
				GCC_WARN_ABOUT_RETURN_TYPE = YES_ERROR;
				GCC_WARN_UNDECLARED_SELECTOR = YES;
				GCC_WARN_UNINITIALIZED_AUTOS = YES_AGGRESSIVE;
				GCC_WARN_UNUSED_FUNCTION = YES;
				GCC_WARN_UNUSED_VARIABLE = YES;
				IPHONEOS_DEPLOYMENT_TARGET = 7.1;
				SDKROOT = iphoneos;
				VALIDATE_PRODUCT = YES;
			};
			name = Release;
		};
		E949DF7219B74AF50092734A /* Debug */ = {
			isa = XCBuildConfiguration;
			buildSettings = {
				ASSETCATALOG_COMPILER_APPICON_NAME = AppIcon;
				ASSETCATALOG_COMPILER_LAUNCHIMAGE_NAME = LaunchImage;
				GCC_PRECOMPILE_PREFIX_HEADER = YES;
				GCC_PREFIX_HEADER = "RSS Reader/RSS Reader-Prefix.pch";
				INFOPLIST_FILE = "RSS Reader/RSS Reader-Info.plist";
				PRODUCT_NAME = "$(TARGET_NAME)";
				WRAPPER_EXTENSION = app;
			};
			name = Debug;
		};
		E949DF7319B74AF50092734A /* Release */ = {
			isa = XCBuildConfiguration;
			buildSettings = {
				ASSETCATALOG_COMPILER_APPICON_NAME = AppIcon;
				ASSETCATALOG_COMPILER_LAUNCHIMAGE_NAME = LaunchImage;
				GCC_PRECOMPILE_PREFIX_HEADER = YES;
				GCC_PREFIX_HEADER = "RSS Reader/RSS Reader-Prefix.pch";
				INFOPLIST_FILE = "RSS Reader/RSS Reader-Info.plist";
				PRODUCT_NAME = "$(TARGET_NAME)";
				WRAPPER_EXTENSION = app;
			};
			name = Release;
		};
		E949DF7519B74AF50092734A /* Debug */ = {
			isa = XCBuildConfiguration;
			buildSettings = {
				BUNDLE_LOADER = "$(BUILT_PRODUCTS_DIR)/RSS Reader.app/RSS Reader";
				FRAMEWORK_SEARCH_PATHS = (
					"$(SDKROOT)/Developer/Library/Frameworks",
					"$(inherited)",
					"$(DEVELOPER_FRAMEWORKS_DIR)",
				);
				GCC_PRECOMPILE_PREFIX_HEADER = YES;
				GCC_PREFIX_HEADER = "RSS Reader/RSS Reader-Prefix.pch";
				GCC_PREPROCESSOR_DEFINITIONS = (
					"DEBUG=1",
					"$(inherited)",
				);
				INFOPLIST_FILE = "RSS ReaderTests/RSS ReaderTests-Info.plist";
				PRODUCT_NAME = "$(TARGET_NAME)";
				TEST_HOST = "$(BUNDLE_LOADER)";
				WRAPPER_EXTENSION = xctest;
			};
			name = Debug;
		};
		E949DF7619B74AF50092734A /* Release */ = {
			isa = XCBuildConfiguration;
			buildSettings = {
				BUNDLE_LOADER = "$(BUILT_PRODUCTS_DIR)/RSS Reader.app/RSS Reader";
				FRAMEWORK_SEARCH_PATHS = (
					"$(SDKROOT)/Developer/Library/Frameworks",
					"$(inherited)",
					"$(DEVELOPER_FRAMEWORKS_DIR)",
				);
				GCC_PRECOMPILE_PREFIX_HEADER = YES;
				GCC_PREFIX_HEADER = "RSS Reader/RSS Reader-Prefix.pch";
				INFOPLIST_FILE = "RSS ReaderTests/RSS ReaderTests-Info.plist";
				PRODUCT_NAME = "$(TARGET_NAME)";
				TEST_HOST = "$(BUNDLE_LOADER)";
				WRAPPER_EXTENSION = xctest;
			};
			name = Release;
		};
/* End XCBuildConfiguration section */

/* Begin XCConfigurationList section */
		E949DF3A19B74AF40092734A /* Build configuration list for PBXProject "RSS Reader" */ = {
			isa = XCConfigurationList;
			buildConfigurations = (
				E949DF6F19B74AF50092734A /* Debug */,
				E949DF7019B74AF50092734A /* Release */,
			);
			defaultConfigurationIsVisible = 0;
			defaultConfigurationName = Release;
		};
		E949DF7119B74AF50092734A /* Build configuration list for PBXNativeTarget "RSS Reader" */ = {
			isa = XCConfigurationList;
			buildConfigurations = (
				E949DF7219B74AF50092734A /* Debug */,
				E949DF7319B74AF50092734A /* Release */,
			);
			defaultConfigurationIsVisible = 0;
			defaultConfigurationName = Release;
		};
		E949DF7419B74AF50092734A /* Build configuration list for PBXNativeTarget "RSS ReaderTests" */ = {
			isa = XCConfigurationList;
			buildConfigurations = (
				E949DF7519B74AF50092734A /* Debug */,
				E949DF7619B74AF50092734A /* Release */,
			);
			defaultConfigurationIsVisible = 0;
			defaultConfigurationName = Release;
		};
/* End XCConfigurationList section */
	};
	rootObject = E949DF3719B74AF40092734A /* Project object */;
}
